
Microsoft Visual Studio Solution File, Format Version 12.00
# Visual Studio Version 16
VisualStudioVersion = 16.0.30804.86
MinimumVisualStudioVersion = 15.0.26124.0
Project("{9A19103F-16F7-4668-BE54-9A1E7A4F7556}") = "Tests", "Tests\Tests.csproj", "{53B90454-60A2-4438-96C3-B74FC1B99FD4}"
EndProject
Project("{9A19103F-16F7-4668-BE54-9A1E7A4F7556}") = "BehavioralPatterns", "BehavioralPatterns\BehavioralPatterns.csproj", "{DB3B3329-FA58-40AA-BF9E-02AB7FDE6D90}"
EndProject
Project("{9A19103F-16F7-4668-BE54-9A1E7A4F7556}") = "CreationalPatterns", "CreationalPatterns\CreationalPatterns.csproj", "{C9D6E882-21D8-4333-94DF-25020230B314}"
EndProject
Project("{9A19103F-16F7-4668-BE54-9A1E7A4F7556}") = "StructuralPatterns", "StructuralPatterns\StructuralPatterns.csproj", "{034FC3AF-A3EF-4979-BC14-1481F2D27A70}"
EndProject
Project("{9A19103F-16F7-4668-BE54-9A1E7A4F7556}") = "RealisticDependencies", "RealisticDependencies\RealisticDependencies.csproj", "{E6239A02-53B0-4FE2-875F-FD65411BCC4C}"
EndProject
Project("{2150E333-8FDC-42A3-9474-1A3956D46DE8}") = "Helpers", "Helpers", "{1A71ECF9-B496-4A4B-B25C-061BE3B65B90}"
EndProject
Project("{2150E333-8FDC-42A3-9474-1A3956D46DE8}") = "ExamplePrograms", "ExamplePrograms", "{49937DD2-028B-41AD-82E6-864A3EE738B2}"
EndProject
Project("{2150E333-8FDC-42A3-9474-1A3956D46DE8}") = "BehavioralExamples", "BehavioralExamples", "{3523D27A-FDC9-428B-BB43-1EF72ADE8BCB}"
EndProject
Project("{2150E333-8FDC-42A3-9474-1A3956D46DE8}") = "CreationalExamples", "CreationalExamples", "{21BD291C-3685-4A3B-BC12-4FF60E1EB1CC}"
EndProject
Project("{2150E333-8FDC-42A3-9474-1A3956D46DE8}") = "StructuralExamples", "StructuralExamples", "{AA4B4838-4C00-46D0-9639-22765EFE658A}"
EndProject
Project("{9A19103F-16F7-4668-BE54-9A1E7A4F7556}") = "KombuchaOrderProcessor", "ExamplePrograms\BehavioralExamples\KombuchaOrderProcessor\KombuchaOrderProcessor.csproj", "{0C0D9FC1-0057-4398-A2F3-B28E6F971F50}"
EndProject
Project("{9A19103F-16F7-4668-BE54-9A1E7A4F7556}") = "BakeryPurchaseOrderSystem", "ExamplePrograms\CreationalExamples\BakeryPurchaseOrderSystem\BakeryPurchaseOrderSystem.csproj", "{D7506A13-9534-41F3-B480-6BFFA18CCBF7}"
EndProject
Project("{9A19103F-16F7-4668-BE54-9A1E7A4F7556}") = "CustomMealPlanner", "ExamplePrograms\CreationalExamples\CustomMealPlanner\CustomMealPlanner.csproj", "{4CDCE206-D73B-4134-ACFB-4C8ADDE511EC}"
EndProject
Project("{9A19103F-16F7-4668-BE54-9A1E7A4F7556}") = "DiningRoomDesigner", "ExamplePrograms\CreationalExamples\DiningRoomDesigner\DiningRoomDesigner.csproj", "{B806BD13-8B42-4BF1-AC36-20EA1BC2046C}"
EndProject
Project("{9A19103F-16F7-4668-BE54-9A1E7A4F7556}") = "FoodDeliveryService", "ExamplePrograms\CreationalExamples\FoodDeliveryService\FoodDeliveryService.csproj", "{C305D8E7-04E1-4CF8-A6E0-DDF096837933}"
EndProject
Project("{9A19103F-16F7-4668-BE54-9A1E7A4F7556}") = "IngredientsDatabaseClient", "ExamplePrograms\CreationalExamples\IngredientsDatabaseClient\IngredientsDatabaseClient.csproj", "{252E2820-AA4B-4169-B7BC-9D9CAD62D45A}"
EndProject
Project("{9A19103F-16F7-4668-BE54-9A1E7A4F7556}") = "FarmersMarketSimulator", "ExamplePrograms\StructuralExamples\FarmersMarketSimulator\FarmersMarketSimulator.csproj", "{99659A3B-A0FF-4BEA-88EA-E785D10F0526}"
EndProject
Project("{9A19103F-16F7-4668-BE54-9A1E7A4F7556}") = "FoodBank", "ExamplePrograms\StructuralExamples\FoodBank\FoodBank.csproj", "{E677D801-0E8A-46F4-9FD6-FFE88595A080}"
EndProject
Project("{9A19103F-16F7-4668-BE54-9A1E7A4F7556}") = "FrontOfHouseService", "ExamplePrograms\StructuralExamples\FrontOfHouseService\FrontOfHouseService.csproj", "{79899A7B-00F0-4467-9B10-7163E33F9882}"
EndProject
Project("{9A19103F-16F7-4668-BE54-9A1E7A4F7556}") = "GroceryReporter", "ExamplePrograms\StructuralExamples\GroceryReporter\GroceryReporter.csproj", "{30ECAAFD-7172-45AD-88B3-391AC3E96536}"
EndProject
Project("{9A19103F-16F7-4668-BE54-9A1E7A4F7556}") = "GroceryStoreCityPlanningSimulation", "ExamplePrograms\StructuralExamples\GroceryStoreCityPlanningSimulation\GroceryStoreCityPlanningSimulation.csproj", "{E987935E-6A66-4FBA-97C2-8F3076C48F1F}"
EndProject
Project("{9A19103F-16F7-4668-BE54-9A1E7A4F7556}") = "RecipeSearch", "ExamplePrograms\StructuralExamples\RecipeSearch\RecipeSearch.csproj", "{CCCE40C0-F501-42C9-B36B-B80C8CF3F51F}"
EndProject
Project("{9A19103F-16F7-4668-BE54-9A1E7A4F7556}") = "TeaCartonizer", "ExamplePrograms\StructuralExamples\TeaCartonizer\TeaCartonizer.csproj", "{B02FC2F3-E1AA-4799-80C7-4D5B54036CD2}"
EndProject
Project("{9A19103F-16F7-4668-BE54-9A1E7A4F7556}") = "ComposterSignUpForm", "ExamplePrograms\BehavioralExamples\NeighborhoodComposterSignUpForm\ComposterSignUpForm.csproj", "{2D34F9AE-5913-4081-A392-2666E6F2B11A}"
EndProject
Project("{9A19103F-16F7-4668-BE54-9A1E7A4F7556}") = "BestRestaurantFinder", "ExamplePrograms\BehavioralExamples\BestRestaurantFinder\BestRestaurantFinder.csproj", "{607AF2B3-529F-46B6-B629-7009FADF36AF}"
EndProject
Project("{9A19103F-16F7-4668-BE54-9A1E7A4F7556}") = "FoodTruckCoordinator", "ExamplePrograms\BehavioralExamples\FoodTruckCoordinator\FoodTruckCoordinator.csproj", "{139A27DA-5EAA-424B-AED5-0441F5266027}"
EndProject
Project("{9A19103F-16F7-4668-BE54-9A1E7A4F7556}") = "DietPlanTracker", "ExamplePrograms\BehavioralExamples\DietPlanTracker\DietPlanTracker.csproj", "{494207A3-E6AE-4113-9111-D7F4432C523F}"
EndProject
Project("{9A19103F-16F7-4668-BE54-9A1E7A4F7556}") = "FarmersMarketResearch", "ExamplePrograms\BehavioralExamples\FarmersMarketResearch\FarmersMarketResearch.csproj", "{5FBD2740-0119-47F1-8F7D-F9371AD4348E}"
EndProject
Project("{FAE04EC0-301F-11D3-BF4B-00C04F79EFBC}") = "CookbookPrinter", "ExamplePrograms\BehavioralExamples\CookbookPrinter\CookbookPrinter.csproj", "{4A91A0ED-7EE9-403C-8D4A-89BBED531E3B}"
EndProject
Project("{FAE04EC0-301F-11D3-BF4B-00C04F79EFBC}") = "DonutShop", "ExamplePrograms\BehavioralExamples\DonutShop\DonutShop.csproj", "{E1266744-0F9B-40A1-8193-5BA114E0E9EA}"
EndProject
Global
	GlobalSection(SolutionConfigurationPlatforms) = preSolution
		Debug|Any CPU = Debug|Any CPU
		Debug|x64 = Debug|x64
		Debug|x86 = Debug|x86
		Release|Any CPU = Release|Any CPU
		Release|x64 = Release|x64
		Release|x86 = Release|x86
	EndGlobalSection
	GlobalSection(ProjectConfigurationPlatforms) = postSolution
		{53B90454-60A2-4438-96C3-B74FC1B99FD4}.Debug|Any CPU.ActiveCfg = Debug|Any CPU
		{53B90454-60A2-4438-96C3-B74FC1B99FD4}.Debug|Any CPU.Build.0 = Debug|Any CPU
		{53B90454-60A2-4438-96C3-B74FC1B99FD4}.Debug|x64.ActiveCfg = Debug|Any CPU
		{53B90454-60A2-4438-96C3-B74FC1B99FD4}.Debug|x64.Build.0 = Debug|Any CPU
		{53B90454-60A2-4438-96C3-B74FC1B99FD4}.Debug|x86.ActiveCfg = Debug|Any CPU
		{53B90454-60A2-4438-96C3-B74FC1B99FD4}.Debug|x86.Build.0 = Debug|Any CPU
		{53B90454-60A2-4438-96C3-B74FC1B99FD4}.Release|Any CPU.ActiveCfg = Release|Any CPU
		{53B90454-60A2-4438-96C3-B74FC1B99FD4}.Release|Any CPU.Build.0 = Release|Any CPU
		{53B90454-60A2-4438-96C3-B74FC1B99FD4}.Release|x64.ActiveCfg = Release|Any CPU
		{53B90454-60A2-4438-96C3-B74FC1B99FD4}.Release|x64.Build.0 = Release|Any CPU
		{53B90454-60A2-4438-96C3-B74FC1B99FD4}.Release|x86.ActiveCfg = Release|Any CPU
		{53B90454-60A2-4438-96C3-B74FC1B99FD4}.Release|x86.Build.0 = Release|Any CPU
		{DB3B3329-FA58-40AA-BF9E-02AB7FDE6D90}.Debug|Any CPU.ActiveCfg = Debug|Any CPU
		{DB3B3329-FA58-40AA-BF9E-02AB7FDE6D90}.Debug|Any CPU.Build.0 = Debug|Any CPU
		{DB3B3329-FA58-40AA-BF9E-02AB7FDE6D90}.Debug|x64.ActiveCfg = Debug|Any CPU
		{DB3B3329-FA58-40AA-BF9E-02AB7FDE6D90}.Debug|x64.Build.0 = Debug|Any CPU
		{DB3B3329-FA58-40AA-BF9E-02AB7FDE6D90}.Debug|x86.ActiveCfg = Debug|Any CPU
		{DB3B3329-FA58-40AA-BF9E-02AB7FDE6D90}.Debug|x86.Build.0 = Debug|Any CPU
		{DB3B3329-FA58-40AA-BF9E-02AB7FDE6D90}.Release|Any CPU.ActiveCfg = Release|Any CPU
		{DB3B3329-FA58-40AA-BF9E-02AB7FDE6D90}.Release|Any CPU.Build.0 = Release|Any CPU
		{DB3B3329-FA58-40AA-BF9E-02AB7FDE6D90}.Release|x64.ActiveCfg = Release|Any CPU
		{DB3B3329-FA58-40AA-BF9E-02AB7FDE6D90}.Release|x64.Build.0 = Release|Any CPU
		{DB3B3329-FA58-40AA-BF9E-02AB7FDE6D90}.Release|x86.ActiveCfg = Release|Any CPU
		{DB3B3329-FA58-40AA-BF9E-02AB7FDE6D90}.Release|x86.Build.0 = Release|Any CPU
		{C9D6E882-21D8-4333-94DF-25020230B314}.Debug|Any CPU.ActiveCfg = Debug|Any CPU
		{C9D6E882-21D8-4333-94DF-25020230B314}.Debug|Any CPU.Build.0 = Debug|Any CPU
		{C9D6E882-21D8-4333-94DF-25020230B314}.Debug|x64.ActiveCfg = Debug|Any CPU
		{C9D6E882-21D8-4333-94DF-25020230B314}.Debug|x64.Build.0 = Debug|Any CPU
		{C9D6E882-21D8-4333-94DF-25020230B314}.Debug|x86.ActiveCfg = Debug|Any CPU
		{C9D6E882-21D8-4333-94DF-25020230B314}.Debug|x86.Build.0 = Debug|Any CPU
		{C9D6E882-21D8-4333-94DF-25020230B314}.Release|Any CPU.ActiveCfg = Release|Any CPU
		{C9D6E882-21D8-4333-94DF-25020230B314}.Release|Any CPU.Build.0 = Release|Any CPU
		{C9D6E882-21D8-4333-94DF-25020230B314}.Release|x64.ActiveCfg = Release|Any CPU
		{C9D6E882-21D8-4333-94DF-25020230B314}.Release|x64.Build.0 = Release|Any CPU
		{C9D6E882-21D8-4333-94DF-25020230B314}.Release|x86.ActiveCfg = Release|Any CPU
		{C9D6E882-21D8-4333-94DF-25020230B314}.Release|x86.Build.0 = Release|Any CPU
		{034FC3AF-A3EF-4979-BC14-1481F2D27A70}.Debug|Any CPU.ActiveCfg = Debug|Any CPU
		{034FC3AF-A3EF-4979-BC14-1481F2D27A70}.Debug|Any CPU.Build.0 = Debug|Any CPU
		{034FC3AF-A3EF-4979-BC14-1481F2D27A70}.Debug|x64.ActiveCfg = Debug|Any CPU
		{034FC3AF-A3EF-4979-BC14-1481F2D27A70}.Debug|x64.Build.0 = Debug|Any CPU
		{034FC3AF-A3EF-4979-BC14-1481F2D27A70}.Debug|x86.ActiveCfg = Debug|Any CPU
		{034FC3AF-A3EF-4979-BC14-1481F2D27A70}.Debug|x86.Build.0 = Debug|Any CPU
		{034FC3AF-A3EF-4979-BC14-1481F2D27A70}.Release|Any CPU.ActiveCfg = Release|Any CPU
		{034FC3AF-A3EF-4979-BC14-1481F2D27A70}.Release|Any CPU.Build.0 = Release|Any CPU
		{034FC3AF-A3EF-4979-BC14-1481F2D27A70}.Release|x64.ActiveCfg = Release|Any CPU
		{034FC3AF-A3EF-4979-BC14-1481F2D27A70}.Release|x64.Build.0 = Release|Any CPU
		{034FC3AF-A3EF-4979-BC14-1481F2D27A70}.Release|x86.ActiveCfg = Release|Any CPU
		{034FC3AF-A3EF-4979-BC14-1481F2D27A70}.Release|x86.Build.0 = Release|Any CPU
		{E6239A02-53B0-4FE2-875F-FD65411BCC4C}.Debug|Any CPU.ActiveCfg = Debug|Any CPU
		{E6239A02-53B0-4FE2-875F-FD65411BCC4C}.Debug|Any CPU.Build.0 = Debug|Any CPU
		{E6239A02-53B0-4FE2-875F-FD65411BCC4C}.Debug|x64.ActiveCfg = Debug|Any CPU
		{E6239A02-53B0-4FE2-875F-FD65411BCC4C}.Debug|x64.Build.0 = Debug|Any CPU
		{E6239A02-53B0-4FE2-875F-FD65411BCC4C}.Debug|x86.ActiveCfg = Debug|Any CPU
		{E6239A02-53B0-4FE2-875F-FD65411BCC4C}.Debug|x86.Build.0 = Debug|Any CPU
		{E6239A02-53B0-4FE2-875F-FD65411BCC4C}.Release|Any CPU.ActiveCfg = Release|Any CPU
		{E6239A02-53B0-4FE2-875F-FD65411BCC4C}.Release|Any CPU.Build.0 = Release|Any CPU
		{E6239A02-53B0-4FE2-875F-FD65411BCC4C}.Release|x64.ActiveCfg = Release|Any CPU
		{E6239A02-53B0-4FE2-875F-FD65411BCC4C}.Release|x64.Build.0 = Release|Any CPU
		{E6239A02-53B0-4FE2-875F-FD65411BCC4C}.Release|x86.ActiveCfg = Release|Any CPU
		{E6239A02-53B0-4FE2-875F-FD65411BCC4C}.Release|x86.Build.0 = Release|Any CPU
		{0C0D9FC1-0057-4398-A2F3-B28E6F971F50}.Debug|Any CPU.ActiveCfg = Debug|Any CPU
		{0C0D9FC1-0057-4398-A2F3-B28E6F971F50}.Debug|Any CPU.Build.0 = Debug|Any CPU
		{0C0D9FC1-0057-4398-A2F3-B28E6F971F50}.Debug|x64.ActiveCfg = Debug|Any CPU
		{0C0D9FC1-0057-4398-A2F3-B28E6F971F50}.Debug|x64.Build.0 = Debug|Any CPU
		{0C0D9FC1-0057-4398-A2F3-B28E6F971F50}.Debug|x86.ActiveCfg = Debug|Any CPU
		{0C0D9FC1-0057-4398-A2F3-B28E6F971F50}.Debug|x86.Build.0 = Debug|Any CPU
		{0C0D9FC1-0057-4398-A2F3-B28E6F971F50}.Release|Any CPU.ActiveCfg = Release|Any CPU
		{0C0D9FC1-0057-4398-A2F3-B28E6F971F50}.Release|Any CPU.Build.0 = Release|Any CPU
		{0C0D9FC1-0057-4398-A2F3-B28E6F971F50}.Release|x64.ActiveCfg = Release|Any CPU
		{0C0D9FC1-0057-4398-A2F3-B28E6F971F50}.Release|x64.Build.0 = Release|Any CPU
		{0C0D9FC1-0057-4398-A2F3-B28E6F971F50}.Release|x86.ActiveCfg = Release|Any CPU
		{0C0D9FC1-0057-4398-A2F3-B28E6F971F50}.Release|x86.Build.0 = Release|Any CPU
		{D7506A13-9534-41F3-B480-6BFFA18CCBF7}.Debug|Any CPU.ActiveCfg = Debug|Any CPU
		{D7506A13-9534-41F3-B480-6BFFA18CCBF7}.Debug|Any CPU.Build.0 = Debug|Any CPU
		{D7506A13-9534-41F3-B480-6BFFA18CCBF7}.Debug|x64.ActiveCfg = Debug|Any CPU
		{D7506A13-9534-41F3-B480-6BFFA18CCBF7}.Debug|x64.Build.0 = Debug|Any CPU
		{D7506A13-9534-41F3-B480-6BFFA18CCBF7}.Debug|x86.ActiveCfg = Debug|Any CPU
		{D7506A13-9534-41F3-B480-6BFFA18CCBF7}.Debug|x86.Build.0 = Debug|Any CPU
		{D7506A13-9534-41F3-B480-6BFFA18CCBF7}.Release|Any CPU.ActiveCfg = Release|Any CPU
		{D7506A13-9534-41F3-B480-6BFFA18CCBF7}.Release|Any CPU.Build.0 = Release|Any CPU
		{D7506A13-9534-41F3-B480-6BFFA18CCBF7}.Release|x64.ActiveCfg = Release|Any CPU
		{D7506A13-9534-41F3-B480-6BFFA18CCBF7}.Release|x64.Build.0 = Release|Any CPU
		{D7506A13-9534-41F3-B480-6BFFA18CCBF7}.Release|x86.ActiveCfg = Release|Any CPU
		{D7506A13-9534-41F3-B480-6BFFA18CCBF7}.Release|x86.Build.0 = Release|Any CPU
		{4CDCE206-D73B-4134-ACFB-4C8ADDE511EC}.Debug|Any CPU.ActiveCfg = Debug|Any CPU
		{4CDCE206-D73B-4134-ACFB-4C8ADDE511EC}.Debug|Any CPU.Build.0 = Debug|Any CPU
		{4CDCE206-D73B-4134-ACFB-4C8ADDE511EC}.Debug|x64.ActiveCfg = Debug|Any CPU
		{4CDCE206-D73B-4134-ACFB-4C8ADDE511EC}.Debug|x64.Build.0 = Debug|Any CPU
		{4CDCE206-D73B-4134-ACFB-4C8ADDE511EC}.Debug|x86.ActiveCfg = Debug|Any CPU
		{4CDCE206-D73B-4134-ACFB-4C8ADDE511EC}.Debug|x86.Build.0 = Debug|Any CPU
		{4CDCE206-D73B-4134-ACFB-4C8ADDE511EC}.Release|Any CPU.ActiveCfg = Release|Any CPU
		{4CDCE206-D73B-4134-ACFB-4C8ADDE511EC}.Release|Any CPU.Build.0 = Release|Any CPU
		{4CDCE206-D73B-4134-ACFB-4C8ADDE511EC}.Release|x64.ActiveCfg = Release|Any CPU
		{4CDCE206-D73B-4134-ACFB-4C8ADDE511EC}.Release|x64.Build.0 = Release|Any CPU
		{4CDCE206-D73B-4134-ACFB-4C8ADDE511EC}.Release|x86.ActiveCfg = Release|Any CPU
		{4CDCE206-D73B-4134-ACFB-4C8ADDE511EC}.Release|x86.Build.0 = Release|Any CPU
		{B806BD13-8B42-4BF1-AC36-20EA1BC2046C}.Debug|Any CPU.ActiveCfg = Debug|Any CPU
		{B806BD13-8B42-4BF1-AC36-20EA1BC2046C}.Debug|Any CPU.Build.0 = Debug|Any CPU
		{B806BD13-8B42-4BF1-AC36-20EA1BC2046C}.Debug|x64.ActiveCfg = Debug|Any CPU
		{B806BD13-8B42-4BF1-AC36-20EA1BC2046C}.Debug|x64.Build.0 = Debug|Any CPU
		{B806BD13-8B42-4BF1-AC36-20EA1BC2046C}.Debug|x86.ActiveCfg = Debug|Any CPU
		{B806BD13-8B42-4BF1-AC36-20EA1BC2046C}.Debug|x86.Build.0 = Debug|Any CPU
		{B806BD13-8B42-4BF1-AC36-20EA1BC2046C}.Release|Any CPU.ActiveCfg = Release|Any CPU
		{B806BD13-8B42-4BF1-AC36-20EA1BC2046C}.Release|Any CPU.Build.0 = Release|Any CPU
		{B806BD13-8B42-4BF1-AC36-20EA1BC2046C}.Release|x64.ActiveCfg = Release|Any CPU
		{B806BD13-8B42-4BF1-AC36-20EA1BC2046C}.Release|x64.Build.0 = Release|Any CPU
		{B806BD13-8B42-4BF1-AC36-20EA1BC2046C}.Release|x86.ActiveCfg = Release|Any CPU
		{B806BD13-8B42-4BF1-AC36-20EA1BC2046C}.Release|x86.Build.0 = Release|Any CPU
		{C305D8E7-04E1-4CF8-A6E0-DDF096837933}.Debug|Any CPU.ActiveCfg = Debug|Any CPU
		{C305D8E7-04E1-4CF8-A6E0-DDF096837933}.Debug|Any CPU.Build.0 = Debug|Any CPU
		{C305D8E7-04E1-4CF8-A6E0-DDF096837933}.Debug|x64.ActiveCfg = Debug|Any CPU
		{C305D8E7-04E1-4CF8-A6E0-DDF096837933}.Debug|x64.Build.0 = Debug|Any CPU
		{C305D8E7-04E1-4CF8-A6E0-DDF096837933}.Debug|x86.ActiveCfg = Debug|Any CPU
		{C305D8E7-04E1-4CF8-A6E0-DDF096837933}.Debug|x86.Build.0 = Debug|Any CPU
		{C305D8E7-04E1-4CF8-A6E0-DDF096837933}.Release|Any CPU.ActiveCfg = Release|Any CPU
		{C305D8E7-04E1-4CF8-A6E0-DDF096837933}.Release|Any CPU.Build.0 = Release|Any CPU
		{C305D8E7-04E1-4CF8-A6E0-DDF096837933}.Release|x64.ActiveCfg = Release|Any CPU
		{C305D8E7-04E1-4CF8-A6E0-DDF096837933}.Release|x64.Build.0 = Release|Any CPU
		{C305D8E7-04E1-4CF8-A6E0-DDF096837933}.Release|x86.ActiveCfg = Release|Any CPU
		{C305D8E7-04E1-4CF8-A6E0-DDF096837933}.Release|x86.Build.0 = Release|Any CPU
		{252E2820-AA4B-4169-B7BC-9D9CAD62D45A}.Debug|Any CPU.ActiveCfg = Debug|Any CPU
		{252E2820-AA4B-4169-B7BC-9D9CAD62D45A}.Debug|Any CPU.Build.0 = Debug|Any CPU
		{252E2820-AA4B-4169-B7BC-9D9CAD62D45A}.Debug|x64.ActiveCfg = Debug|Any CPU
		{252E2820-AA4B-4169-B7BC-9D9CAD62D45A}.Debug|x64.Build.0 = Debug|Any CPU
		{252E2820-AA4B-4169-B7BC-9D9CAD62D45A}.Debug|x86.ActiveCfg = Debug|Any CPU
		{252E2820-AA4B-4169-B7BC-9D9CAD62D45A}.Debug|x86.Build.0 = Debug|Any CPU
		{252E2820-AA4B-4169-B7BC-9D9CAD62D45A}.Release|Any CPU.ActiveCfg = Release|Any CPU
		{252E2820-AA4B-4169-B7BC-9D9CAD62D45A}.Release|Any CPU.Build.0 = Release|Any CPU
		{252E2820-AA4B-4169-B7BC-9D9CAD62D45A}.Release|x64.ActiveCfg = Release|Any CPU
		{252E2820-AA4B-4169-B7BC-9D9CAD62D45A}.Release|x64.Build.0 = Release|Any CPU
		{252E2820-AA4B-4169-B7BC-9D9CAD62D45A}.Release|x86.ActiveCfg = Release|Any CPU
		{252E2820-AA4B-4169-B7BC-9D9CAD62D45A}.Release|x86.Build.0 = Release|Any CPU
		{99659A3B-A0FF-4BEA-88EA-E785D10F0526}.Debug|Any CPU.ActiveCfg = Debug|Any CPU
		{99659A3B-A0FF-4BEA-88EA-E785D10F0526}.Debug|Any CPU.Build.0 = Debug|Any CPU
		{99659A3B-A0FF-4BEA-88EA-E785D10F0526}.Debug|x64.ActiveCfg = Debug|Any CPU
		{99659A3B-A0FF-4BEA-88EA-E785D10F0526}.Debug|x64.Build.0 = Debug|Any CPU
		{99659A3B-A0FF-4BEA-88EA-E785D10F0526}.Debug|x86.ActiveCfg = Debug|Any CPU
		{99659A3B-A0FF-4BEA-88EA-E785D10F0526}.Debug|x86.Build.0 = Debug|Any CPU
		{99659A3B-A0FF-4BEA-88EA-E785D10F0526}.Release|Any CPU.ActiveCfg = Release|Any CPU
		{99659A3B-A0FF-4BEA-88EA-E785D10F0526}.Release|Any CPU.Build.0 = Release|Any CPU
		{99659A3B-A0FF-4BEA-88EA-E785D10F0526}.Release|x64.ActiveCfg = Release|Any CPU
		{99659A3B-A0FF-4BEA-88EA-E785D10F0526}.Release|x64.Build.0 = Release|Any CPU
		{99659A3B-A0FF-4BEA-88EA-E785D10F0526}.Release|x86.ActiveCfg = Release|Any CPU
		{99659A3B-A0FF-4BEA-88EA-E785D10F0526}.Release|x86.Build.0 = Release|Any CPU
		{E677D801-0E8A-46F4-9FD6-FFE88595A080}.Debug|Any CPU.ActiveCfg = Debug|Any CPU
		{E677D801-0E8A-46F4-9FD6-FFE88595A080}.Debug|Any CPU.Build.0 = Debug|Any CPU
		{E677D801-0E8A-46F4-9FD6-FFE88595A080}.Debug|x64.ActiveCfg = Debug|Any CPU
		{E677D801-0E8A-46F4-9FD6-FFE88595A080}.Debug|x64.Build.0 = Debug|Any CPU
		{E677D801-0E8A-46F4-9FD6-FFE88595A080}.Debug|x86.ActiveCfg = Debug|Any CPU
		{E677D801-0E8A-46F4-9FD6-FFE88595A080}.Debug|x86.Build.0 = Debug|Any CPU
		{E677D801-0E8A-46F4-9FD6-FFE88595A080}.Release|Any CPU.ActiveCfg = Release|Any CPU
		{E677D801-0E8A-46F4-9FD6-FFE88595A080}.Release|Any CPU.Build.0 = Release|Any CPU
		{E677D801-0E8A-46F4-9FD6-FFE88595A080}.Release|x64.ActiveCfg = Release|Any CPU
		{E677D801-0E8A-46F4-9FD6-FFE88595A080}.Release|x64.Build.0 = Release|Any CPU
		{E677D801-0E8A-46F4-9FD6-FFE88595A080}.Release|x86.ActiveCfg = Release|Any CPU
		{E677D801-0E8A-46F4-9FD6-FFE88595A080}.Release|x86.Build.0 = Release|Any CPU
		{79899A7B-00F0-4467-9B10-7163E33F9882}.Debug|Any CPU.ActiveCfg = Debug|Any CPU
		{79899A7B-00F0-4467-9B10-7163E33F9882}.Debug|Any CPU.Build.0 = Debug|Any CPU
		{79899A7B-00F0-4467-9B10-7163E33F9882}.Debug|x64.ActiveCfg = Debug|Any CPU
		{79899A7B-00F0-4467-9B10-7163E33F9882}.Debug|x64.Build.0 = Debug|Any CPU
		{79899A7B-00F0-4467-9B10-7163E33F9882}.Debug|x86.ActiveCfg = Debug|Any CPU
		{79899A7B-00F0-4467-9B10-7163E33F9882}.Debug|x86.Build.0 = Debug|Any CPU
		{79899A7B-00F0-4467-9B10-7163E33F9882}.Release|Any CPU.ActiveCfg = Release|Any CPU
		{79899A7B-00F0-4467-9B10-7163E33F9882}.Release|Any CPU.Build.0 = Release|Any CPU
		{79899A7B-00F0-4467-9B10-7163E33F9882}.Release|x64.ActiveCfg = Release|Any CPU
		{79899A7B-00F0-4467-9B10-7163E33F9882}.Release|x64.Build.0 = Release|Any CPU
		{79899A7B-00F0-4467-9B10-7163E33F9882}.Release|x86.ActiveCfg = Release|Any CPU
		{79899A7B-00F0-4467-9B10-7163E33F9882}.Release|x86.Build.0 = Release|Any CPU
		{30ECAAFD-7172-45AD-88B3-391AC3E96536}.Debug|Any CPU.ActiveCfg = Debug|Any CPU
		{30ECAAFD-7172-45AD-88B3-391AC3E96536}.Debug|Any CPU.Build.0 = Debug|Any CPU
		{30ECAAFD-7172-45AD-88B3-391AC3E96536}.Debug|x64.ActiveCfg = Debug|Any CPU
		{30ECAAFD-7172-45AD-88B3-391AC3E96536}.Debug|x64.Build.0 = Debug|Any CPU
		{30ECAAFD-7172-45AD-88B3-391AC3E96536}.Debug|x86.ActiveCfg = Debug|Any CPU
		{30ECAAFD-7172-45AD-88B3-391AC3E96536}.Debug|x86.Build.0 = Debug|Any CPU
		{30ECAAFD-7172-45AD-88B3-391AC3E96536}.Release|Any CPU.ActiveCfg = Release|Any CPU
		{30ECAAFD-7172-45AD-88B3-391AC3E96536}.Release|Any CPU.Build.0 = Release|Any CPU
		{30ECAAFD-7172-45AD-88B3-391AC3E96536}.Release|x64.ActiveCfg = Release|Any CPU
		{30ECAAFD-7172-45AD-88B3-391AC3E96536}.Release|x64.Build.0 = Release|Any CPU
		{30ECAAFD-7172-45AD-88B3-391AC3E96536}.Release|x86.ActiveCfg = Release|Any CPU
		{30ECAAFD-7172-45AD-88B3-391AC3E96536}.Release|x86.Build.0 = Release|Any CPU
		{E987935E-6A66-4FBA-97C2-8F3076C48F1F}.Debug|Any CPU.ActiveCfg = Debug|Any CPU
		{E987935E-6A66-4FBA-97C2-8F3076C48F1F}.Debug|Any CPU.Build.0 = Debug|Any CPU
		{E987935E-6A66-4FBA-97C2-8F3076C48F1F}.Debug|x64.ActiveCfg = Debug|Any CPU
		{E987935E-6A66-4FBA-97C2-8F3076C48F1F}.Debug|x64.Build.0 = Debug|Any CPU
		{E987935E-6A66-4FBA-97C2-8F3076C48F1F}.Debug|x86.ActiveCfg = Debug|Any CPU
		{E987935E-6A66-4FBA-97C2-8F3076C48F1F}.Debug|x86.Build.0 = Debug|Any CPU
		{E987935E-6A66-4FBA-97C2-8F3076C48F1F}.Release|Any CPU.ActiveCfg = Release|Any CPU
		{E987935E-6A66-4FBA-97C2-8F3076C48F1F}.Release|Any CPU.Build.0 = Release|Any CPU
		{E987935E-6A66-4FBA-97C2-8F3076C48F1F}.Release|x64.ActiveCfg = Release|Any CPU
		{E987935E-6A66-4FBA-97C2-8F3076C48F1F}.Release|x64.Build.0 = Release|Any CPU
		{E987935E-6A66-4FBA-97C2-8F3076C48F1F}.Release|x86.ActiveCfg = Release|Any CPU
		{E987935E-6A66-4FBA-97C2-8F3076C48F1F}.Release|x86.Build.0 = Release|Any CPU
		{CCCE40C0-F501-42C9-B36B-B80C8CF3F51F}.Debug|Any CPU.ActiveCfg = Debug|Any CPU
		{CCCE40C0-F501-42C9-B36B-B80C8CF3F51F}.Debug|Any CPU.Build.0 = Debug|Any CPU
		{CCCE40C0-F501-42C9-B36B-B80C8CF3F51F}.Debug|x64.ActiveCfg = Debug|Any CPU
		{CCCE40C0-F501-42C9-B36B-B80C8CF3F51F}.Debug|x64.Build.0 = Debug|Any CPU
		{CCCE40C0-F501-42C9-B36B-B80C8CF3F51F}.Debug|x86.ActiveCfg = Debug|Any CPU
		{CCCE40C0-F501-42C9-B36B-B80C8CF3F51F}.Debug|x86.Build.0 = Debug|Any CPU
		{CCCE40C0-F501-42C9-B36B-B80C8CF3F51F}.Release|Any CPU.ActiveCfg = Release|Any CPU
		{CCCE40C0-F501-42C9-B36B-B80C8CF3F51F}.Release|Any CPU.Build.0 = Release|Any CPU
		{CCCE40C0-F501-42C9-B36B-B80C8CF3F51F}.Release|x64.ActiveCfg = Release|Any CPU
		{CCCE40C0-F501-42C9-B36B-B80C8CF3F51F}.Release|x64.Build.0 = Release|Any CPU
		{CCCE40C0-F501-42C9-B36B-B80C8CF3F51F}.Release|x86.ActiveCfg = Release|Any CPU
		{CCCE40C0-F501-42C9-B36B-B80C8CF3F51F}.Release|x86.Build.0 = Release|Any CPU
		{B02FC2F3-E1AA-4799-80C7-4D5B54036CD2}.Debug|Any CPU.ActiveCfg = Debug|Any CPU
		{B02FC2F3-E1AA-4799-80C7-4D5B54036CD2}.Debug|Any CPU.Build.0 = Debug|Any CPU
		{B02FC2F3-E1AA-4799-80C7-4D5B54036CD2}.Debug|x64.ActiveCfg = Debug|Any CPU
		{B02FC2F3-E1AA-4799-80C7-4D5B54036CD2}.Debug|x64.Build.0 = Debug|Any CPU
		{B02FC2F3-E1AA-4799-80C7-4D5B54036CD2}.Debug|x86.ActiveCfg = Debug|Any CPU
		{B02FC2F3-E1AA-4799-80C7-4D5B54036CD2}.Debug|x86.Build.0 = Debug|Any CPU
		{B02FC2F3-E1AA-4799-80C7-4D5B54036CD2}.Release|Any CPU.ActiveCfg = Release|Any CPU
		{B02FC2F3-E1AA-4799-80C7-4D5B54036CD2}.Release|Any CPU.Build.0 = Release|Any CPU
		{B02FC2F3-E1AA-4799-80C7-4D5B54036CD2}.Release|x64.ActiveCfg = Release|Any CPU
		{B02FC2F3-E1AA-4799-80C7-4D5B54036CD2}.Release|x64.Build.0 = Release|Any CPU
		{B02FC2F3-E1AA-4799-80C7-4D5B54036CD2}.Release|x86.ActiveCfg = Release|Any CPU
		{B02FC2F3-E1AA-4799-80C7-4D5B54036CD2}.Release|x86.Build.0 = Release|Any CPU
		{2D34F9AE-5913-4081-A392-2666E6F2B11A}.Debug|Any CPU.ActiveCfg = Debug|Any CPU
		{2D34F9AE-5913-4081-A392-2666E6F2B11A}.Debug|Any CPU.Build.0 = Debug|Any CPU
		{2D34F9AE-5913-4081-A392-2666E6F2B11A}.Debug|x64.ActiveCfg = Debug|Any CPU
		{2D34F9AE-5913-4081-A392-2666E6F2B11A}.Debug|x64.Build.0 = Debug|Any CPU
		{2D34F9AE-5913-4081-A392-2666E6F2B11A}.Debug|x86.ActiveCfg = Debug|Any CPU
		{2D34F9AE-5913-4081-A392-2666E6F2B11A}.Debug|x86.Build.0 = Debug|Any CPU
		{2D34F9AE-5913-4081-A392-2666E6F2B11A}.Release|Any CPU.ActiveCfg = Release|Any CPU
		{2D34F9AE-5913-4081-A392-2666E6F2B11A}.Release|Any CPU.Build.0 = Release|Any CPU
		{2D34F9AE-5913-4081-A392-2666E6F2B11A}.Release|x64.ActiveCfg = Release|Any CPU
		{2D34F9AE-5913-4081-A392-2666E6F2B11A}.Release|x64.Build.0 = Release|Any CPU
		{2D34F9AE-5913-4081-A392-2666E6F2B11A}.Release|x86.ActiveCfg = Release|Any CPU
		{2D34F9AE-5913-4081-A392-2666E6F2B11A}.Release|x86.Build.0 = Release|Any CPU
		{607AF2B3-529F-46B6-B629-7009FADF36AF}.Debug|Any CPU.ActiveCfg = Debug|Any CPU
		{607AF2B3-529F-46B6-B629-7009FADF36AF}.Debug|Any CPU.Build.0 = Debug|Any CPU
		{607AF2B3-529F-46B6-B629-7009FADF36AF}.Debug|x64.ActiveCfg = Debug|Any CPU
		{607AF2B3-529F-46B6-B629-7009FADF36AF}.Debug|x64.Build.0 = Debug|Any CPU
		{607AF2B3-529F-46B6-B629-7009FADF36AF}.Debug|x86.ActiveCfg = Debug|Any CPU
		{607AF2B3-529F-46B6-B629-7009FADF36AF}.Debug|x86.Build.0 = Debug|Any CPU
		{607AF2B3-529F-46B6-B629-7009FADF36AF}.Release|Any CPU.ActiveCfg = Release|Any CPU
		{607AF2B3-529F-46B6-B629-7009FADF36AF}.Release|Any CPU.Build.0 = Release|Any CPU
		{607AF2B3-529F-46B6-B629-7009FADF36AF}.Release|x64.ActiveCfg = Release|Any CPU
		{607AF2B3-529F-46B6-B629-7009FADF36AF}.Release|x64.Build.0 = Release|Any CPU
		{607AF2B3-529F-46B6-B629-7009FADF36AF}.Release|x86.ActiveCfg = Release|Any CPU
		{607AF2B3-529F-46B6-B629-7009FADF36AF}.Release|x86.Build.0 = Release|Any CPU
		{139A27DA-5EAA-424B-AED5-0441F5266027}.Debug|Any CPU.ActiveCfg = Debug|Any CPU
		{139A27DA-5EAA-424B-AED5-0441F5266027}.Debug|Any CPU.Build.0 = Debug|Any CPU
		{139A27DA-5EAA-424B-AED5-0441F5266027}.Debug|x64.ActiveCfg = Debug|Any CPU
		{139A27DA-5EAA-424B-AED5-0441F5266027}.Debug|x64.Build.0 = Debug|Any CPU
		{139A27DA-5EAA-424B-AED5-0441F5266027}.Debug|x86.ActiveCfg = Debug|Any CPU
		{139A27DA-5EAA-424B-AED5-0441F5266027}.Debug|x86.Build.0 = Debug|Any CPU
		{139A27DA-5EAA-424B-AED5-0441F5266027}.Release|Any CPU.ActiveCfg = Release|Any CPU
		{139A27DA-5EAA-424B-AED5-0441F5266027}.Release|Any CPU.Build.0 = Release|Any CPU
		{139A27DA-5EAA-424B-AED5-0441F5266027}.Release|x64.ActiveCfg = Release|Any CPU
		{139A27DA-5EAA-424B-AED5-0441F5266027}.Release|x64.Build.0 = Release|Any CPU
		{139A27DA-5EAA-424B-AED5-0441F5266027}.Release|x86.ActiveCfg = Release|Any CPU
		{139A27DA-5EAA-424B-AED5-0441F5266027}.Release|x86.Build.0 = Release|Any CPU
		{494207A3-E6AE-4113-9111-D7F4432C523F}.Debug|Any CPU.ActiveCfg = Debug|Any CPU
		{494207A3-E6AE-4113-9111-D7F4432C523F}.Debug|Any CPU.Build.0 = Debug|Any CPU
		{494207A3-E6AE-4113-9111-D7F4432C523F}.Debug|x64.ActiveCfg = Debug|Any CPU
		{494207A3-E6AE-4113-9111-D7F4432C523F}.Debug|x64.Build.0 = Debug|Any CPU
		{494207A3-E6AE-4113-9111-D7F4432C523F}.Debug|x86.ActiveCfg = Debug|Any CPU
		{494207A3-E6AE-4113-9111-D7F4432C523F}.Debug|x86.Build.0 = Debug|Any CPU
		{494207A3-E6AE-4113-9111-D7F4432C523F}.Release|Any CPU.ActiveCfg = Release|Any CPU
		{494207A3-E6AE-4113-9111-D7F4432C523F}.Release|Any CPU.Build.0 = Release|Any CPU
		{494207A3-E6AE-4113-9111-D7F4432C523F}.Release|x64.ActiveCfg = Release|Any CPU
		{494207A3-E6AE-4113-9111-D7F4432C523F}.Release|x64.Build.0 = Release|Any CPU
		{494207A3-E6AE-4113-9111-D7F4432C523F}.Release|x86.ActiveCfg = Release|Any CPU
		{494207A3-E6AE-4113-9111-D7F4432C523F}.Release|x86.Build.0 = Release|Any CPU
		{5FBD2740-0119-47F1-8F7D-F9371AD4348E}.Debug|Any CPU.ActiveCfg = Debug|Any CPU
		{5FBD2740-0119-47F1-8F7D-F9371AD4348E}.Debug|Any CPU.Build.0 = Debug|Any CPU
		{5FBD2740-0119-47F1-8F7D-F9371AD4348E}.Debug|x64.ActiveCfg = Debug|Any CPU
		{5FBD2740-0119-47F1-8F7D-F9371AD4348E}.Debug|x64.Build.0 = Debug|Any CPU
		{5FBD2740-0119-47F1-8F7D-F9371AD4348E}.Debug|x86.ActiveCfg = Debug|Any CPU
		{5FBD2740-0119-47F1-8F7D-F9371AD4348E}.Debug|x86.Build.0 = Debug|Any CPU
		{5FBD2740-0119-47F1-8F7D-F9371AD4348E}.Release|Any CPU.ActiveCfg = Release|Any CPU
		{5FBD2740-0119-47F1-8F7D-F9371AD4348E}.Release|Any CPU.Build.0 = Release|Any CPU
		{5FBD2740-0119-47F1-8F7D-F9371AD4348E}.Release|x64.ActiveCfg = Release|Any CPU
		{5FBD2740-0119-47F1-8F7D-F9371AD4348E}.Release|x64.Build.0 = Release|Any CPU
		{5FBD2740-0119-47F1-8F7D-F9371AD4348E}.Release|x86.ActiveCfg = Release|Any CPU
		{5FBD2740-0119-47F1-8F7D-F9371AD4348E}.Release|x86.Build.0 = Release|Any CPU
		{4A91A0ED-7EE9-403C-8D4A-89BBED531E3B}.Debug|Any CPU.ActiveCfg = Debug|Any CPU
		{4A91A0ED-7EE9-403C-8D4A-89BBED531E3B}.Debug|Any CPU.Build.0 = Debug|Any CPU
		{4A91A0ED-7EE9-403C-8D4A-89BBED531E3B}.Debug|x64.ActiveCfg = Debug|Any CPU
		{4A91A0ED-7EE9-403C-8D4A-89BBED531E3B}.Debug|x64.Build.0 = Debug|Any CPU
		{4A91A0ED-7EE9-403C-8D4A-89BBED531E3B}.Debug|x86.ActiveCfg = Debug|Any CPU
		{4A91A0ED-7EE9-403C-8D4A-89BBED531E3B}.Debug|x86.Build.0 = Debug|Any CPU
		{4A91A0ED-7EE9-403C-8D4A-89BBED531E3B}.Release|Any CPU.ActiveCfg = Release|Any CPU
		{4A91A0ED-7EE9-403C-8D4A-89BBED531E3B}.Release|Any CPU.Build.0 = Release|Any CPU
		{4A91A0ED-7EE9-403C-8D4A-89BBED531E3B}.Release|x64.ActiveCfg = Release|Any CPU
		{4A91A0ED-7EE9-403C-8D4A-89BBED531E3B}.Release|x64.Build.0 = Release|Any CPU
		{4A91A0ED-7EE9-403C-8D4A-89BBED531E3B}.Release|x86.ActiveCfg = Release|Any CPU
		{4A91A0ED-7EE9-403C-8D4A-89BBED531E3B}.Release|x86.Build.0 = Release|Any CPU
		{E1266744-0F9B-40A1-8193-5BA114E0E9EA}.Debug|Any CPU.ActiveCfg = Debug|Any CPU
		{E1266744-0F9B-40A1-8193-5BA114E0E9EA}.Debug|Any CPU.Build.0 = Debug|Any CPU
		{E1266744-0F9B-40A1-8193-5BA114E0E9EA}.Debug|x64.ActiveCfg = Debug|Any CPU
		{E1266744-0F9B-40A1-8193-5BA114E0E9EA}.Debug|x64.Build.0 = Debug|Any CPU
		{E1266744-0F9B-40A1-8193-5BA114E0E9EA}.Debug|x86.ActiveCfg = Debug|Any CPU
		{E1266744-0F9B-40A1-8193-5BA114E0E9EA}.Debug|x86.Build.0 = Debug|Any CPU
		{E1266744-0F9B-40A1-8193-5BA114E0E9EA}.Release|Any CPU.ActiveCfg = Release|Any CPU
		{E1266744-0F9B-40A1-8193-5BA114E0E9EA}.Release|Any CPU.Build.0 = Release|Any CPU
		{E1266744-0F9B-40A1-8193-5BA114E0E9EA}.Release|x64.ActiveCfg = Release|Any CPU
		{E1266744-0F9B-40A1-8193-5BA114E0E9EA}.Release|x64.Build.0 = Release|Any CPU
		{E1266744-0F9B-40A1-8193-5BA114E0E9EA}.Release|x86.ActiveCfg = Release|Any CPU
		{E1266744-0F9B-40A1-8193-5BA114E0E9EA}.Release|x86.Build.0 = Release|Any CPU
	EndGlobalSection
	GlobalSection(SolutionProperties) = preSolution
		HideSolutionNode = FALSE
	EndGlobalSection
	GlobalSection(NestedProjects) = preSolution
		{E6239A02-53B0-4FE2-875F-FD65411BCC4C} = {1A71ECF9-B496-4A4B-B25C-061BE3B65B90}
		{3523D27A-FDC9-428B-BB43-1EF72ADE8BCB} = {49937DD2-028B-41AD-82E6-864A3EE738B2}
		{21BD291C-3685-4A3B-BC12-4FF60E1EB1CC} = {49937DD2-028B-41AD-82E6-864A3EE738B2}
		{AA4B4838-4C00-46D0-9639-22765EFE658A} = {49937DD2-028B-41AD-82E6-864A3EE738B2}
		{0C0D9FC1-0057-4398-A2F3-B28E6F971F50} = {3523D27A-FDC9-428B-BB43-1EF72ADE8BCB}
		{D7506A13-9534-41F3-B480-6BFFA18CCBF7} = {21BD291C-3685-4A3B-BC12-4FF60E1EB1CC}
		{4CDCE206-D73B-4134-ACFB-4C8ADDE511EC} = {21BD291C-3685-4A3B-BC12-4FF60E1EB1CC}
		{B806BD13-8B42-4BF1-AC36-20EA1BC2046C} = {21BD291C-3685-4A3B-BC12-4FF60E1EB1CC}
		{C305D8E7-04E1-4CF8-A6E0-DDF096837933} = {21BD291C-3685-4A3B-BC12-4FF60E1EB1CC}
		{252E2820-AA4B-4169-B7BC-9D9CAD62D45A} = {21BD291C-3685-4A3B-BC12-4FF60E1EB1CC}
		{99659A3B-A0FF-4BEA-88EA-E785D10F0526} = {AA4B4838-4C00-46D0-9639-22765EFE658A}
		{E677D801-0E8A-46F4-9FD6-FFE88595A080} = {AA4B4838-4C00-46D0-9639-22765EFE658A}
		{79899A7B-00F0-4467-9B10-7163E33F9882} = {AA4B4838-4C00-46D0-9639-22765EFE658A}
		{30ECAAFD-7172-45AD-88B3-391AC3E96536} = {AA4B4838-4C00-46D0-9639-22765EFE658A}
		{E987935E-6A66-4FBA-97C2-8F3076C48F1F} = {AA4B4838-4C00-46D0-9639-22765EFE658A}
		{CCCE40C0-F501-42C9-B36B-B80C8CF3F51F} = {AA4B4838-4C00-46D0-9639-22765EFE658A}
		{B02FC2F3-E1AA-4799-80C7-4D5B54036CD2} = {AA4B4838-4C00-46D0-9639-22765EFE658A}
		{2D34F9AE-5913-4081-A392-2666E6F2B11A} = {3523D27A-FDC9-428B-BB43-1EF72ADE8BCB}
		{607AF2B3-529F-46B6-B629-7009FADF36AF} = {3523D27A-FDC9-428B-BB43-1EF72ADE8BCB}
		{139A27DA-5EAA-424B-AED5-0441F5266027} = {3523D27A-FDC9-428B-BB43-1EF72ADE8BCB}
		{494207A3-E6AE-4113-9111-D7F4432C523F} = {3523D27A-FDC9-428B-BB43-1EF72ADE8BCB}
		{5FBD2740-0119-47F1-8F7D-F9371AD4348E} = {3523D27A-FDC9-428B-BB43-1EF72ADE8BCB}
		{4A91A0ED-7EE9-403C-8D4A-89BBED531E3B} = {3523D27A-FDC9-428B-BB43-1EF72ADE8BCB}
		{E1266744-0F9B-40A1-8193-5BA114E0E9EA} = {3523D27A-FDC9-428B-BB43-1EF72ADE8BCB}
	EndGlobalSection
	GlobalSection(ExtensibilityGlobals) = postSolution
		SolutionGuid = {7C30E650-D1E1-405B-9105-7ED9590CB0EC}
	EndGlobalSection
EndGlobal
